
Microsoft Visual Studio Solution File, Format Version 12.00
# Visual Studio Version 17
VisualStudioVersion = 17.5.33502.453
MinimumVisualStudioVersion = 10.0.40219.1
Project("{FAE04EC0-301F-11D3-BF4B-00C04F79EFBC}") = "Zadanie 8 08.06", "Zadanie 8 08.06.csproj", "{525A72EC-4380-4563-B887-839A1EE2EC7E}"
EndProject
Global
	GlobalSection(SolutionConfigurationPlatforms) = preSolution
		Debug|Any CPU = Debug|Any CPU
		Release|Any CPU = Release|Any CPU
	EndGlobalSection
	GlobalSection(ProjectConfigurationPlatforms) = postSolution
		{525A72EC-4380-4563-B887-839A1EE2EC7E}.Debug|Any CPU.ActiveCfg = Debug|Any CPU
		{525A72EC-4380-4563-B887-839A1EE2EC7E}.Debug|Any CPU.Build.0 = Debug|Any CPU
		{525A72EC-4380-4563-B887-839A1EE2EC7E}.Release|Any CPU.ActiveCfg = Release|Any CPU
		{525A72EC-4380-4563-B887-839A1EE2EC7E}.Release|Any CPU.Build.0 = Release|Any CPU
	EndGlobalSection
	GlobalSection(SolutionProperties) = preSolution
		HideSolutionNode = FALSE
	EndGlobalSection
	GlobalSection(ExtensibilityGlobals) = postSolution
		SolutionGuid = {DB574D4F-D382-4EBF-BE20-4B6D0D006FF7}
	EndGlobalSection
EndGlobal
